
Microsoft Visual Studio Solution File, Format Version 12.00
# Visual Studio 15
VisualStudioVersion = 15.0.27428.2043
MinimumVisualStudioVersion = 10.0.40219.1
Project("{FAE04EC0-301F-11D3-BF4B-00C04F79EFBC}") = "LabNumber12GC", "LabNumber12GC\LabNumber12GC.csproj", "{1A818B00-564D-41DC-9CDF-DA423CCDCEEF}"
EndProject
Global
	GlobalSection(SolutionConfigurationPlatforms) = preSolution
		Debug|Any CPU = Debug|Any CPU
		Release|Any CPU = Release|Any CPU
	EndGlobalSection
	GlobalSection(ProjectConfigurationPlatforms) = postSolution
		{1A818B00-564D-41DC-9CDF-DA423CCDCEEF}.Debug|Any CPU.ActiveCfg = Debug|Any CPU
		{1A818B00-564D-41DC-9CDF-DA423CCDCEEF}.Debug|Any CPU.Build.0 = Debug|Any CPU
		{1A818B00-564D-41DC-9CDF-DA423CCDCEEF}.Release|Any CPU.ActiveCfg = Release|Any CPU
		{1A818B00-564D-41DC-9CDF-DA423CCDCEEF}.Release|Any CPU.Build.0 = Release|Any CPU
	EndGlobalSection
	GlobalSection(SolutionProperties) = preSolution
		HideSolutionNode = FALSE
	EndGlobalSection
	GlobalSection(ExtensibilityGlobals) = postSolution
		SolutionGuid = {BA76E2EC-2811-4246-A8FB-3890EE9A95C6}
	EndGlobalSection
EndGlobal
